# This file is automatically @generated by Poetry and should not be changed by hand.

[[package]]
name = "ping3"
version = "4.0.4"
description = "A pure python3 version of ICMP ping implementation using raw socket."
category = "main"
optional = false
python-versions = ">=3"
files = [
    {file = "ping3-4.0.4-py3-none-any.whl", hash = "sha256:dd8439ced69d6fec5885c8d4faefb055aacffb5a20f5e38a78459a5b18cc5e5a"},
    {file = "ping3-4.0.4.tar.gz", hash = "sha256:1ea12acf6752d4666616341fd7c6393c664cffc510c693ef06f736fb267a13ba"},
]

[package.extras]
dev = ["build", "pycodestyle", "wheel"]

[[package]]
name = "pynutclient"
version = "2.8.1.post1"
description = "Python client bindings for NUT"
category = "main"
optional = false
python-versions = ">=2.6"
files = [
    {file = "PyNUTClient-2.8.1.post1-py3-none-any.whl", hash = "sha256:16baf41e0888286c83f4bc2ef0dc93193c45b15b5e299042be44232c9a1b802b"},
    {file = "PyNUTClient-2.8.1.post1.tar.gz", hash = "sha256:f7b1c646950951fed8a0725d962c4324c2429c3f5f5b0d59762778c6a2dddd79"},
]

[[package]]
name = "wakeonlan"
version = "3.1.0"
description = "A small python module for wake on lan."
category = "main"
optional = false
python-versions = ">=3.7,<4.0"
files = [
    {file = "wakeonlan-3.1.0-py3-none-any.whl", hash = "sha256:9414da87f48e5dc8a1bb0fa15aba5a0079cfd014231c4cc8e6f2477a0d078c7e"},
    {file = "wakeonlan-3.1.0.tar.gz", hash = "sha256:aa12edc2587353528a89ad58a54c63212dc2a12226c186b7fcc02caa162cd962"},
]

[metadata]
lock-version = "2.0"
python-versions = "^3.11"
content-hash = "e4d35bd5e9920d735d07e1e0d32de512c80f9b83d1d84bf63ff28d51328a4972"
